
Microsoft Visual Studio Solution File, Format Version 9.00
# Visual Studio 2005
Project("{FAE04EC0-301F-11D3-BF4B-00C04F79EFBC}") = "TestSuite", "TestSuite\TestSuite.csproj", "{24C6F2B7-1339-4839-9722-ACF4ED8836B7}"
EndProject
Project("{8BC9CEB8-8B4A-11D0-8D11-00A0C91BC942}") = "EasyHook_Specific", "EasyHook_Specific\EasyHook_Specific.vcproj", "{CE9288BD-1380-4937-A597-F59EA40D5F34}"
EndProject
Project("{FAE04EC0-301F-11D3-BF4B-00C04F79EFBC}") = "EasyHookSvc", "EasyHookSvc\EasyHookSvc.csproj", "{9DCAED85-0457-4561-8089-15057C4C52F3}"
EndProject
Project("{FAE04EC0-301F-11D3-BF4B-00C04F79EFBC}") = "EasyHook", "EasyHook\EasyHook.csproj", "{A98596D7-7660-46BA-8C8A-9A098F15735E}"
EndProject
Global
	GlobalSection(SolutionConfigurationPlatforms) = preSolution
		Debug|x64 = Debug|x64
		Debug|x86 = Debug|x86
		Release|x64 = Release|x64
		Release|x86 = Release|x86
	EndGlobalSection
	GlobalSection(ProjectConfigurationPlatforms) = postSolution
		{24C6F2B7-1339-4839-9722-ACF4ED8836B7}.Debug|x64.ActiveCfg = Debug|Any CPU
		{24C6F2B7-1339-4839-9722-ACF4ED8836B7}.Debug|x64.Build.0 = Debug|Any CPU
		{24C6F2B7-1339-4839-9722-ACF4ED8836B7}.Debug|x86.ActiveCfg = Debug|x86
		{24C6F2B7-1339-4839-9722-ACF4ED8836B7}.Debug|x86.Build.0 = Debug|x86
		{24C6F2B7-1339-4839-9722-ACF4ED8836B7}.Release|x64.ActiveCfg = Release|Any CPU
		{24C6F2B7-1339-4839-9722-ACF4ED8836B7}.Release|x64.Build.0 = Release|Any CPU
		{24C6F2B7-1339-4839-9722-ACF4ED8836B7}.Release|x86.ActiveCfg = Release|x86
		{24C6F2B7-1339-4839-9722-ACF4ED8836B7}.Release|x86.Build.0 = Release|x86
		{CE9288BD-1380-4937-A597-F59EA40D5F34}.Debug|x64.ActiveCfg = Debug|x64
		{CE9288BD-1380-4937-A597-F59EA40D5F34}.Debug|x86.ActiveCfg = Debug|Win32
		{CE9288BD-1380-4937-A597-F59EA40D5F34}.Release|x64.ActiveCfg = Release|x64
		{CE9288BD-1380-4937-A597-F59EA40D5F34}.Release|x64.Build.0 = Release|x64
		{CE9288BD-1380-4937-A597-F59EA40D5F34}.Release|x86.ActiveCfg = Release|Win32
		{CE9288BD-1380-4937-A597-F59EA40D5F34}.Release|x86.Build.0 = Release|Win32
		{9DCAED85-0457-4561-8089-15057C4C52F3}.Debug|x64.ActiveCfg = Debug|x64
		{9DCAED85-0457-4561-8089-15057C4C52F3}.Debug|x86.ActiveCfg = Debug|x86
		{9DCAED85-0457-4561-8089-15057C4C52F3}.Release|x64.ActiveCfg = Release|x64
		{9DCAED85-0457-4561-8089-15057C4C52F3}.Release|x64.Build.0 = Release|x64
		{9DCAED85-0457-4561-8089-15057C4C52F3}.Release|x86.ActiveCfg = Release|x86
		{9DCAED85-0457-4561-8089-15057C4C52F3}.Release|x86.Build.0 = Release|x86
		{A98596D7-7660-46BA-8C8A-9A098F15735E}.Debug|x64.ActiveCfg = Debug|Any CPU
		{A98596D7-7660-46BA-8C8A-9A098F15735E}.Debug|x64.Build.0 = Debug|Any CPU
		{A98596D7-7660-46BA-8C8A-9A098F15735E}.Debug|x86.ActiveCfg = Debug|Any CPU
		{A98596D7-7660-46BA-8C8A-9A098F15735E}.Debug|x86.Build.0 = Debug|Any CPU
		{A98596D7-7660-46BA-8C8A-9A098F15735E}.Release|x64.ActiveCfg = Release|Any CPU
		{A98596D7-7660-46BA-8C8A-9A098F15735E}.Release|x64.Build.0 = Release|Any CPU
		{A98596D7-7660-46BA-8C8A-9A098F15735E}.Release|x86.ActiveCfg = Release|Any CPU
		{A98596D7-7660-46BA-8C8A-9A098F15735E}.Release|x86.Build.0 = Release|Any CPU
	EndGlobalSection
	GlobalSection(SolutionProperties) = preSolution
		HideSolutionNode = FALSE
	EndGlobalSection
EndGlobal
