
Microsoft Visual Studio Solution File, Format Version 9.00
# Visual Studio 2005
Project("{FAE04EC0-301F-11D3-BF4B-00C04F79EFBC}") = "ProcessMonitor", "ProcessMonitor\ProcessMonitor.csproj", "{BD07B134-EBDF-4A78-86F5-F396BEF8089D}"
EndProject
Project("{FAE04EC0-301F-11D3-BF4B-00C04F79EFBC}") = "ProcMonInject", "ProcMonInject\ProcMonInject.csproj", "{4785EAE4-B879-456E-AA61-489290810611}"
EndProject
Global
	GlobalSection(SolutionConfigurationPlatforms) = preSolution
		Debug|Any CPU = Debug|Any CPU
		Release|Any CPU = Release|Any CPU
	EndGlobalSection
	GlobalSection(ProjectConfigurationPlatforms) = postSolution
		{BD07B134-EBDF-4A78-86F5-F396BEF8089D}.Debug|Any CPU.ActiveCfg = Debug|Any CPU
		{BD07B134-EBDF-4A78-86F5-F396BEF8089D}.Debug|Any CPU.Build.0 = Debug|Any CPU
		{BD07B134-EBDF-4A78-86F5-F396BEF8089D}.Release|Any CPU.ActiveCfg = Release|Any CPU
		{BD07B134-EBDF-4A78-86F5-F396BEF8089D}.Release|Any CPU.Build.0 = Release|Any CPU
		{4785EAE4-B879-456E-AA61-489290810611}.Debug|Any CPU.ActiveCfg = Debug|Any CPU
		{4785EAE4-B879-456E-AA61-489290810611}.Debug|Any CPU.Build.0 = Debug|Any CPU
		{4785EAE4-B879-456E-AA61-489290810611}.Release|Any CPU.ActiveCfg = Release|Any CPU
		{4785EAE4-B879-456E-AA61-489290810611}.Release|Any CPU.Build.0 = Release|Any CPU
	EndGlobalSection
	GlobalSection(SolutionProperties) = preSolution
		HideSolutionNode = FALSE
	EndGlobalSection
EndGlobal
